
Microsoft Visual Studio Solution File, Format Version 12.00
# Visual Studio Version 17
VisualStudioVersion = 17.0.31903.59
MinimumVisualStudioVersion = 10.0.40219.1
Project("{2150E333-8FDC-42A3-9474-1A3956D46DE8}") = "src", "src", "{833A08B8-26E2-4E49-AE71-7E019C588C14}"
EndProject
Project("{FAE04EC0-301F-11D3-BF4B-00C04F79EFBC}") = "OfficeFlow.Api", "src\OfficeFlow.Api\OfficeFlow.Api.csproj", "{596CEE07-2444-40C4-BAAC-60FD71618ED0}"
EndProject
Project("{FAE04EC0-301F-11D3-BF4B-00C04F79EFBC}") = "OfficeFlow.Core", "src\OfficeFlow.Core\OfficeFlow.Core.csproj", "{1F2791E0-B148-4E2F-8307-93110A1730CE}"
EndProject
Global
	GlobalSection(SolutionConfigurationPlatforms) = preSolution
		Debug|Any CPU = Debug|Any CPU
		Release|Any CPU = Release|Any CPU
	EndGlobalSection
	GlobalSection(SolutionProperties) = preSolution
		HideSolutionNode = FALSE
	EndGlobalSection
	GlobalSection(ProjectConfigurationPlatforms) = postSolution
		{596CEE07-2444-40C4-BAAC-60FD71618ED0}.Debug|Any CPU.ActiveCfg = Debug|Any CPU
		{596CEE07-2444-40C4-BAAC-60FD71618ED0}.Debug|Any CPU.Build.0 = Debug|Any CPU
		{596CEE07-2444-40C4-BAAC-60FD71618ED0}.Release|Any CPU.ActiveCfg = Release|Any CPU
		{596CEE07-2444-40C4-BAAC-60FD71618ED0}.Release|Any CPU.Build.0 = Release|Any CPU
		{1F2791E0-B148-4E2F-8307-93110A1730CE}.Debug|Any CPU.ActiveCfg = Debug|Any CPU
		{1F2791E0-B148-4E2F-8307-93110A1730CE}.Debug|Any CPU.Build.0 = Debug|Any CPU
		{1F2791E0-B148-4E2F-8307-93110A1730CE}.Release|Any CPU.ActiveCfg = Release|Any CPU
		{1F2791E0-B148-4E2F-8307-93110A1730CE}.Release|Any CPU.Build.0 = Release|Any CPU
	EndGlobalSection
	GlobalSection(NestedProjects) = preSolution
		{596CEE07-2444-40C4-BAAC-60FD71618ED0} = {833A08B8-26E2-4E49-AE71-7E019C588C14}
		{1F2791E0-B148-4E2F-8307-93110A1730CE} = {833A08B8-26E2-4E49-AE71-7E019C588C14}
	EndGlobalSection
EndGlobal
